{
  "requires": true,
  "lockfileVersion": 1,
  "dependencies": {
    "dat-gui": {
      "version": "0.5.0",
      "resolved": "https://registry.npmjs.org/dat-gui/-/dat-gui-0.5.0.tgz",
      "integrity": "sha1-EhLag2EJdH0KwiC617B8F9qgNYM="
    },
    "requirejs": {
      "version": "2.3.6",
      "resolved": "https://registry.npmjs.org/requirejs/-/requirejs-2.3.6.tgz",
      "integrity": "sha512-ipEzlWQe6RK3jkzikgCupiTbTvm4S0/CAU5GlgptkN5SO6F3u0UD0K18wy6ErDqiCyP4J4YYe1HuAShvsxePLg=="
    }
  }
}
